
Microsoft Visual Studio Solution File, Format Version 12.00
# Visual Studio 15
VisualStudioVersion = 15.0.26730.15
MinimumVisualStudioVersion = 10.0.40219.1
Project("{262852C6-CD72-467D-83FE-5EEB1973A190}") = "Campinastrand", "Campinastrand\Campinastrand.jsproj", "{37D55334-C708-4722-84FC-788F2C2DFEAF}"
EndProject
Global
	GlobalSection(SolutionConfigurationPlatforms) = preSolution
		Debug|Android = Debug|Android
		Debug|iOS = Debug|iOS
		Debug|Windows-ARM = Debug|Windows-ARM
		Debug|Windows-x64 = Debug|Windows-x64
		Debug|Windows-x86 = Debug|Windows-x86
		Release|Android = Release|Android
		Release|iOS = Release|iOS
		Release|Windows-ARM = Release|Windows-ARM
		Release|Windows-x64 = Release|Windows-x64
		Release|Windows-x86 = Release|Windows-x86
	EndGlobalSection
	GlobalSection(ProjectConfigurationPlatforms) = postSolution
		{37D55334-C708-4722-84FC-788F2C2DFEAF}.Debug|Android.ActiveCfg = Debug|Android
		{37D55334-C708-4722-84FC-788F2C2DFEAF}.Debug|Android.Build.0 = Debug|Android
		{37D55334-C708-4722-84FC-788F2C2DFEAF}.Debug|Android.Deploy.0 = Debug|Android
		{37D55334-C708-4722-84FC-788F2C2DFEAF}.Debug|iOS.ActiveCfg = Debug|iOS
		{37D55334-C708-4722-84FC-788F2C2DFEAF}.Debug|iOS.Build.0 = Debug|iOS
		{37D55334-C708-4722-84FC-788F2C2DFEAF}.Debug|iOS.Deploy.0 = Debug|iOS
		{37D55334-C708-4722-84FC-788F2C2DFEAF}.Debug|Windows-ARM.ActiveCfg = Debug|Windows-ARM
		{37D55334-C708-4722-84FC-788F2C2DFEAF}.Debug|Windows-ARM.Build.0 = Debug|Windows-ARM
		{37D55334-C708-4722-84FC-788F2C2DFEAF}.Debug|Windows-ARM.Deploy.0 = Debug|Windows-ARM
		{37D55334-C708-4722-84FC-788F2C2DFEAF}.Debug|Windows-x64.ActiveCfg = Debug|Windows-x64
		{37D55334-C708-4722-84FC-788F2C2DFEAF}.Debug|Windows-x64.Build.0 = Debug|Windows-x64
		{37D55334-C708-4722-84FC-788F2C2DFEAF}.Debug|Windows-x64.Deploy.0 = Debug|Windows-x64
		{37D55334-C708-4722-84FC-788F2C2DFEAF}.Debug|Windows-x86.ActiveCfg = Debug|Windows-x86
		{37D55334-C708-4722-84FC-788F2C2DFEAF}.Debug|Windows-x86.Build.0 = Debug|Windows-x86
		{37D55334-C708-4722-84FC-788F2C2DFEAF}.Debug|Windows-x86.Deploy.0 = Debug|Windows-x86
		{37D55334-C708-4722-84FC-788F2C2DFEAF}.Release|Android.ActiveCfg = Release|Android
		{37D55334-C708-4722-84FC-788F2C2DFEAF}.Release|Android.Build.0 = Release|Android
		{37D55334-C708-4722-84FC-788F2C2DFEAF}.Release|Android.Deploy.0 = Release|Android
		{37D55334-C708-4722-84FC-788F2C2DFEAF}.Release|iOS.ActiveCfg = Release|iOS
		{37D55334-C708-4722-84FC-788F2C2DFEAF}.Release|iOS.Build.0 = Release|iOS
		{37D55334-C708-4722-84FC-788F2C2DFEAF}.Release|iOS.Deploy.0 = Release|iOS
		{37D55334-C708-4722-84FC-788F2C2DFEAF}.Release|Windows-ARM.ActiveCfg = Release|Windows-ARM
		{37D55334-C708-4722-84FC-788F2C2DFEAF}.Release|Windows-ARM.Build.0 = Release|Windows-ARM
		{37D55334-C708-4722-84FC-788F2C2DFEAF}.Release|Windows-ARM.Deploy.0 = Release|Windows-ARM
		{37D55334-C708-4722-84FC-788F2C2DFEAF}.Release|Windows-x64.ActiveCfg = Release|Windows-x64
		{37D55334-C708-4722-84FC-788F2C2DFEAF}.Release|Windows-x64.Build.0 = Release|Windows-x64
		{37D55334-C708-4722-84FC-788F2C2DFEAF}.Release|Windows-x64.Deploy.0 = Release|Windows-x64
		{37D55334-C708-4722-84FC-788F2C2DFEAF}.Release|Windows-x86.ActiveCfg = Release|Windows-x86
		{37D55334-C708-4722-84FC-788F2C2DFEAF}.Release|Windows-x86.Build.0 = Release|Windows-x86
		{37D55334-C708-4722-84FC-788F2C2DFEAF}.Release|Windows-x86.Deploy.0 = Release|Windows-x86
	EndGlobalSection
	GlobalSection(SolutionProperties) = preSolution
		HideSolutionNode = FALSE
	EndGlobalSection
	GlobalSection(ExtensibilityGlobals) = postSolution
		SolutionGuid = {627E84E9-6A41-4AAF-8F90-86852C9C1288}
	EndGlobalSection
EndGlobal
